
Microsoft Visual Studio Solution File, Format Version 12.00
# Visual Studio Version 17
VisualStudioVersion = 17.11.35327.3
MinimumVisualStudioVersion = 10.0.40219.1
Project("{2150E333-8FDC-42A3-9474-1A3956D46DE8}") = "Task0", "Task0", "{A5BBF40A-C97D-49DE-B299-BF60E51AE57A}"
EndProject
Project("{9A19103F-16F7-4668-BE54-9A1E7A4F7556}") = "Tyuiu.KornevRM.Sprint3.Task0.V6", "Tyuiu.KornevRM.Sprint3.Task0.V6\Tyuiu.KornevRM.Sprint3.Task0.V6.csproj", "{90FE12D8-CC77-42C3-B185-17BCCA25E0F9}"
EndProject
Project("{9A19103F-16F7-4668-BE54-9A1E7A4F7556}") = "Tyuiu.KornevRM.Sprint3.Task0.V6.Lib", "Tyuiu.KornevRM.Sprint3.Task0.V6.Lib\Tyuiu.KornevRM.Sprint3.Task0.V6.Lib.csproj", "{4CED12B1-39DC-4706-A2D7-6F3ABCC0972D}"
EndProject
Project("{9A19103F-16F7-4668-BE54-9A1E7A4F7556}") = "Tyuiu.KornevRM.Sprint3.Task0.V6.Test", "Tyuiu.KornevRM.Sprint3.Task0.V6.Test\Tyuiu.KornevRM.Sprint3.Task0.V6.Test.csproj", "{7909C973-BA41-4DB2-9284-4820CEB3C8D4}"
EndProject
Project("{2150E333-8FDC-42A3-9474-1A3956D46DE8}") = "Task1", "Task1", "{06175ADB-8D6A-4110-A850-A8E6C0B75069}"
EndProject
Project("{9A19103F-16F7-4668-BE54-9A1E7A4F7556}") = "Tyuiu.KornevRM.Sprint3.Task1.V24", "Tyuiu.KornevRM.Sprint3.Task1.V24\Tyuiu.KornevRM.Sprint3.Task1.V24.csproj", "{E430E788-1FF5-429A-9E12-54F47668CC5F}"
EndProject
Project("{9A19103F-16F7-4668-BE54-9A1E7A4F7556}") = "Tyuiu.KornevRM.Sprint3.Task1.V24.Lib", "Tyuiu.KornevRM.Sprint3.Task1.V24.Lib\Tyuiu.KornevRM.Sprint3.Task1.V24.Lib.csproj", "{436AEBB9-4F1D-421E-A3F1-B4874FCCB645}"
EndProject
Project("{9A19103F-16F7-4668-BE54-9A1E7A4F7556}") = "Tyuiu.KornevRM.Sprint3.Task1.V24.Test", "Tyuiu.KornevRM.Sprint3.Task1.V24.Test\Tyuiu.KornevRM.Sprint3.Task1.V24.Test.csproj", "{CFE83E8B-5DBE-4E85-A424-688A39D59550}"
EndProject
Project("{2150E333-8FDC-42A3-9474-1A3956D46DE8}") = "Task2", "Task2", "{C82332B0-BDC8-4E06-8043-4B5BB3799B32}"
EndProject
Project("{9A19103F-16F7-4668-BE54-9A1E7A4F7556}") = "Tyuiu.KornevRM.Sprint3.Task2.V8", "Tyuiu.KornevRM.Sprint3.Task2.V8\Tyuiu.KornevRM.Sprint3.Task2.V8.csproj", "{186D74A8-DC0B-410E-AF04-5748F90E1B8B}"
EndProject
Project("{9A19103F-16F7-4668-BE54-9A1E7A4F7556}") = "Tyuiu.KornevRM.Sprint3.Task2.V8.Lib", "Tyuiu.KornevRM.Sprint3.Task2.V8.Lib\Tyuiu.KornevRM.Sprint3.Task2.V8.Lib.csproj", "{5C6BB172-4859-4C5E-A04E-68F35E620D57}"
EndProject
Project("{9A19103F-16F7-4668-BE54-9A1E7A4F7556}") = "Tyuiu.KornevRM.Sprint3.Task2.V8.Test", "Tyuiu.KornevRM.Sprint3.Task2.V8.Test\Tyuiu.KornevRM.Sprint3.Task2.V8.Test.csproj", "{F10DA72D-22AE-455F-8E2C-6A5952359C09}"
EndProject
Project("{2150E333-8FDC-42A3-9474-1A3956D46DE8}") = "Task3", "Task3", "{EACE26F7-C412-45FE-8940-887230A1A394}"
EndProject
Project("{9A19103F-16F7-4668-BE54-9A1E7A4F7556}") = "Tyuiu.KornevRM.Sprint3.Task3.V3", "Tyuiu.KornevRM.Sprint3.Task3.V3\Tyuiu.KornevRM.Sprint3.Task3.V3.csproj", "{1009CB32-3BAF-4847-AA4E-2B61BAB9C108}"
EndProject
Project("{9A19103F-16F7-4668-BE54-9A1E7A4F7556}") = "Tyuiu.KornevRM.Sprint3.Task3.V3.Lib", "Tyuiu.KornevRM.Sprint3.Task3.V3.Lib\Tyuiu.KornevRM.Sprint3.Task3.V3.Lib.csproj", "{E385F9DB-7576-4DEA-A4BA-A18C28ECCBEC}"
EndProject
Project("{9A19103F-16F7-4668-BE54-9A1E7A4F7556}") = "Tyuiu.KornevRM.Sprint3.Task3.V3.Test", "Tyuiu.KornevRM.Sprint3.Task3.V3.Test\Tyuiu.KornevRM.Sprint3.Task3.V3.Test.csproj", "{D8F41346-B49E-479C-A13C-85D518A89A43}"
EndProject
Project("{2150E333-8FDC-42A3-9474-1A3956D46DE8}") = "Task4", "Task4", "{F8B5F6D7-46A3-4A95-B18B-BE84D587482C}"
EndProject
Project("{9A19103F-16F7-4668-BE54-9A1E7A4F7556}") = "Tyuiu.KornevRM.Sprint3.Task4.V14", "Tyuiu.KornevRM.Sprint3.Task4.V14\Tyuiu.KornevRM.Sprint3.Task4.V14.csproj", "{F4B9AE42-06C8-42E0-B62D-9724704ACCD1}"
EndProject
Project("{9A19103F-16F7-4668-BE54-9A1E7A4F7556}") = "Tyuiu.KornevRM.Sprint3.Task4.V14.Lib", "Tyuiu.KornevRM.Sprint3.Task4.V14.Lib\Tyuiu.KornevRM.Sprint3.Task4.V14.Lib.csproj", "{5A7EAE85-27B9-44EB-9EE6-C6CCBB1F6C1D}"
EndProject
Project("{9A19103F-16F7-4668-BE54-9A1E7A4F7556}") = "Tyuiu.KornevRM.Sprint3.Task4.V14.Test", "Tyuiu.KornevRM.Sprint3.Task4.V14.Test\Tyuiu.KornevRM.Sprint3.Task4.V14.Test.csproj", "{A0F87FD6-6E71-4860-AE53-F73EF8F9CDA7}"
EndProject
Project("{2150E333-8FDC-42A3-9474-1A3956D46DE8}") = "Task5", "Task5", "{4DAF130E-A8E8-4CE4-842E-989B0F699B22}"
EndProject
Project("{9A19103F-16F7-4668-BE54-9A1E7A4F7556}") = "Tyuiu.KornevRM.Sprint3.Task5.V14", "Tyuiu.KornevRM.Sprint3.Task5.V14\Tyuiu.KornevRM.Sprint3.Task5.V14.csproj", "{72CBB406-F638-4F0A-94BD-4AA5CADA54EE}"
EndProject
Project("{9A19103F-16F7-4668-BE54-9A1E7A4F7556}") = "Tyuiu.KornevRM.Sprint3.Task5.V14.Lib", "Tyuiu.KornevRM.Sprint3.Task5.V14.Lib\Tyuiu.KornevRM.Sprint3.Task5.V14.Lib.csproj", "{4BE961B7-20A5-4456-B054-5B21B0EE9E97}"
EndProject
Project("{9A19103F-16F7-4668-BE54-9A1E7A4F7556}") = "Tyuiu.KornevRM.Sprint3.Task5.V14.Test", "Tyuiu.KornevRM.Sprint3.Task5.V14.Test\Tyuiu.KornevRM.Sprint3.Task5.V14.Test.csproj", "{06193CBC-159D-4D04-B724-CE8A3CF80D53}"
EndProject
Project("{2150E333-8FDC-42A3-9474-1A3956D46DE8}") = "Task6", "Task6", "{EEF714A7-6E91-436F-B9AA-00B3DB1F8DA2}"
EndProject
Project("{FAE04EC0-301F-11D3-BF4B-00C04F79EFBC}") = "Tyuiu.KornevRM.Sprint3.Task6.V17", "Tyuiu.KornevRM.Sprint3.Task6.V17\Tyuiu.KornevRM.Sprint3.Task6.V17.csproj", "{1E70601E-8BFE-4B26-8622-A3D1D73B1D22}"
EndProject
Project("{FAE04EC0-301F-11D3-BF4B-00C04F79EFBC}") = "Tyuiu.KornevRM.Sprint3.Task6.V17.Lib", "Tyuiu.KornevRM.Sprint3.Task6.V17.Lib\Tyuiu.KornevRM.Sprint3.Task6.V17.Lib.csproj", "{2575C187-F9DB-4704-B0E8-A158122CAB36}"
EndProject
Project("{FAE04EC0-301F-11D3-BF4B-00C04F79EFBC}") = "Tyuiu.KornevRM.Sprint3.Task6.V17.Test", "Tyuiu.KornevRM.Sprint3.Task6.V17.Test\Tyuiu.KornevRM.Sprint3.Task6.V17.Test.csproj", "{4E18EA8D-5B32-4941-96CE-D0CA73FF64DD}"
EndProject
Global
	GlobalSection(SolutionConfigurationPlatforms) = preSolution
		Debug|Any CPU = Debug|Any CPU
		Release|Any CPU = Release|Any CPU
	EndGlobalSection
	GlobalSection(ProjectConfigurationPlatforms) = postSolution
		{90FE12D8-CC77-42C3-B185-17BCCA25E0F9}.Debug|Any CPU.ActiveCfg = Debug|Any CPU
		{90FE12D8-CC77-42C3-B185-17BCCA25E0F9}.Debug|Any CPU.Build.0 = Debug|Any CPU
		{90FE12D8-CC77-42C3-B185-17BCCA25E0F9}.Release|Any CPU.ActiveCfg = Release|Any CPU
		{90FE12D8-CC77-42C3-B185-17BCCA25E0F9}.Release|Any CPU.Build.0 = Release|Any CPU
		{4CED12B1-39DC-4706-A2D7-6F3ABCC0972D}.Debug|Any CPU.ActiveCfg = Debug|Any CPU
		{4CED12B1-39DC-4706-A2D7-6F3ABCC0972D}.Debug|Any CPU.Build.0 = Debug|Any CPU
		{4CED12B1-39DC-4706-A2D7-6F3ABCC0972D}.Release|Any CPU.ActiveCfg = Release|Any CPU
		{4CED12B1-39DC-4706-A2D7-6F3ABCC0972D}.Release|Any CPU.Build.0 = Release|Any CPU
		{7909C973-BA41-4DB2-9284-4820CEB3C8D4}.Debug|Any CPU.ActiveCfg = Debug|Any CPU
		{7909C973-BA41-4DB2-9284-4820CEB3C8D4}.Debug|Any CPU.Build.0 = Debug|Any CPU
		{7909C973-BA41-4DB2-9284-4820CEB3C8D4}.Release|Any CPU.ActiveCfg = Release|Any CPU
		{7909C973-BA41-4DB2-9284-4820CEB3C8D4}.Release|Any CPU.Build.0 = Release|Any CPU
		{E430E788-1FF5-429A-9E12-54F47668CC5F}.Debug|Any CPU.ActiveCfg = Debug|Any CPU
		{E430E788-1FF5-429A-9E12-54F47668CC5F}.Debug|Any CPU.Build.0 = Debug|Any CPU
		{E430E788-1FF5-429A-9E12-54F47668CC5F}.Release|Any CPU.ActiveCfg = Release|Any CPU
		{E430E788-1FF5-429A-9E12-54F47668CC5F}.Release|Any CPU.Build.0 = Release|Any CPU
		{436AEBB9-4F1D-421E-A3F1-B4874FCCB645}.Debug|Any CPU.ActiveCfg = Debug|Any CPU
		{436AEBB9-4F1D-421E-A3F1-B4874FCCB645}.Debug|Any CPU.Build.0 = Debug|Any CPU
		{436AEBB9-4F1D-421E-A3F1-B4874FCCB645}.Release|Any CPU.ActiveCfg = Release|Any CPU
		{436AEBB9-4F1D-421E-A3F1-B4874FCCB645}.Release|Any CPU.Build.0 = Release|Any CPU
		{CFE83E8B-5DBE-4E85-A424-688A39D59550}.Debug|Any CPU.ActiveCfg = Debug|Any CPU
		{CFE83E8B-5DBE-4E85-A424-688A39D59550}.Debug|Any CPU.Build.0 = Debug|Any CPU
		{CFE83E8B-5DBE-4E85-A424-688A39D59550}.Release|Any CPU.ActiveCfg = Release|Any CPU
		{CFE83E8B-5DBE-4E85-A424-688A39D59550}.Release|Any CPU.Build.0 = Release|Any CPU
		{186D74A8-DC0B-410E-AF04-5748F90E1B8B}.Debug|Any CPU.ActiveCfg = Debug|Any CPU
		{186D74A8-DC0B-410E-AF04-5748F90E1B8B}.Debug|Any CPU.Build.0 = Debug|Any CPU
		{186D74A8-DC0B-410E-AF04-5748F90E1B8B}.Release|Any CPU.ActiveCfg = Release|Any CPU
		{186D74A8-DC0B-410E-AF04-5748F90E1B8B}.Release|Any CPU.Build.0 = Release|Any CPU
		{5C6BB172-4859-4C5E-A04E-68F35E620D57}.Debug|Any CPU.ActiveCfg = Debug|Any CPU
		{5C6BB172-4859-4C5E-A04E-68F35E620D57}.Debug|Any CPU.Build.0 = Debug|Any CPU
		{5C6BB172-4859-4C5E-A04E-68F35E620D57}.Release|Any CPU.ActiveCfg = Release|Any CPU
		{5C6BB172-4859-4C5E-A04E-68F35E620D57}.Release|Any CPU.Build.0 = Release|Any CPU
		{F10DA72D-22AE-455F-8E2C-6A5952359C09}.Debug|Any CPU.ActiveCfg = Debug|Any CPU
		{F10DA72D-22AE-455F-8E2C-6A5952359C09}.Debug|Any CPU.Build.0 = Debug|Any CPU
		{F10DA72D-22AE-455F-8E2C-6A5952359C09}.Release|Any CPU.ActiveCfg = Release|Any CPU
		{F10DA72D-22AE-455F-8E2C-6A5952359C09}.Release|Any CPU.Build.0 = Release|Any CPU
		{1009CB32-3BAF-4847-AA4E-2B61BAB9C108}.Debug|Any CPU.ActiveCfg = Debug|Any CPU
		{1009CB32-3BAF-4847-AA4E-2B61BAB9C108}.Debug|Any CPU.Build.0 = Debug|Any CPU
		{1009CB32-3BAF-4847-AA4E-2B61BAB9C108}.Release|Any CPU.ActiveCfg = Release|Any CPU
		{1009CB32-3BAF-4847-AA4E-2B61BAB9C108}.Release|Any CPU.Build.0 = Release|Any CPU
		{E385F9DB-7576-4DEA-A4BA-A18C28ECCBEC}.Debug|Any CPU.ActiveCfg = Debug|Any CPU
		{E385F9DB-7576-4DEA-A4BA-A18C28ECCBEC}.Debug|Any CPU.Build.0 = Debug|Any CPU
		{E385F9DB-7576-4DEA-A4BA-A18C28ECCBEC}.Release|Any CPU.ActiveCfg = Release|Any CPU
		{E385F9DB-7576-4DEA-A4BA-A18C28ECCBEC}.Release|Any CPU.Build.0 = Release|Any CPU
		{D8F41346-B49E-479C-A13C-85D518A89A43}.Debug|Any CPU.ActiveCfg = Debug|Any CPU
		{D8F41346-B49E-479C-A13C-85D518A89A43}.Debug|Any CPU.Build.0 = Debug|Any CPU
		{D8F41346-B49E-479C-A13C-85D518A89A43}.Release|Any CPU.ActiveCfg = Release|Any CPU
		{D8F41346-B49E-479C-A13C-85D518A89A43}.Release|Any CPU.Build.0 = Release|Any CPU
		{F4B9AE42-06C8-42E0-B62D-9724704ACCD1}.Debug|Any CPU.ActiveCfg = Debug|Any CPU
		{F4B9AE42-06C8-42E0-B62D-9724704ACCD1}.Debug|Any CPU.Build.0 = Debug|Any CPU
		{F4B9AE42-06C8-42E0-B62D-9724704ACCD1}.Release|Any CPU.ActiveCfg = Release|Any CPU
		{F4B9AE42-06C8-42E0-B62D-9724704ACCD1}.Release|Any CPU.Build.0 = Release|Any CPU
		{5A7EAE85-27B9-44EB-9EE6-C6CCBB1F6C1D}.Debug|Any CPU.ActiveCfg = Debug|Any CPU
		{5A7EAE85-27B9-44EB-9EE6-C6CCBB1F6C1D}.Debug|Any CPU.Build.0 = Debug|Any CPU
		{5A7EAE85-27B9-44EB-9EE6-C6CCBB1F6C1D}.Release|Any CPU.ActiveCfg = Release|Any CPU
		{5A7EAE85-27B9-44EB-9EE6-C6CCBB1F6C1D}.Release|Any CPU.Build.0 = Release|Any CPU
		{A0F87FD6-6E71-4860-AE53-F73EF8F9CDA7}.Debug|Any CPU.ActiveCfg = Debug|Any CPU
		{A0F87FD6-6E71-4860-AE53-F73EF8F9CDA7}.Debug|Any CPU.Build.0 = Debug|Any CPU
		{A0F87FD6-6E71-4860-AE53-F73EF8F9CDA7}.Release|Any CPU.ActiveCfg = Release|Any CPU
		{A0F87FD6-6E71-4860-AE53-F73EF8F9CDA7}.Release|Any CPU.Build.0 = Release|Any CPU
		{72CBB406-F638-4F0A-94BD-4AA5CADA54EE}.Debug|Any CPU.ActiveCfg = Debug|Any CPU
		{72CBB406-F638-4F0A-94BD-4AA5CADA54EE}.Debug|Any CPU.Build.0 = Debug|Any CPU
		{72CBB406-F638-4F0A-94BD-4AA5CADA54EE}.Release|Any CPU.ActiveCfg = Release|Any CPU
		{72CBB406-F638-4F0A-94BD-4AA5CADA54EE}.Release|Any CPU.Build.0 = Release|Any CPU
		{4BE961B7-20A5-4456-B054-5B21B0EE9E97}.Debug|Any CPU.ActiveCfg = Debug|Any CPU
		{4BE961B7-20A5-4456-B054-5B21B0EE9E97}.Debug|Any CPU.Build.0 = Debug|Any CPU
		{4BE961B7-20A5-4456-B054-5B21B0EE9E97}.Release|Any CPU.ActiveCfg = Release|Any CPU
		{4BE961B7-20A5-4456-B054-5B21B0EE9E97}.Release|Any CPU.Build.0 = Release|Any CPU
		{06193CBC-159D-4D04-B724-CE8A3CF80D53}.Debug|Any CPU.ActiveCfg = Debug|Any CPU
		{06193CBC-159D-4D04-B724-CE8A3CF80D53}.Debug|Any CPU.Build.0 = Debug|Any CPU
		{06193CBC-159D-4D04-B724-CE8A3CF80D53}.Release|Any CPU.ActiveCfg = Release|Any CPU
		{06193CBC-159D-4D04-B724-CE8A3CF80D53}.Release|Any CPU.Build.0 = Release|Any CPU
		{1E70601E-8BFE-4B26-8622-A3D1D73B1D22}.Debug|Any CPU.ActiveCfg = Debug|Any CPU
		{1E70601E-8BFE-4B26-8622-A3D1D73B1D22}.Debug|Any CPU.Build.0 = Debug|Any CPU
		{1E70601E-8BFE-4B26-8622-A3D1D73B1D22}.Release|Any CPU.ActiveCfg = Release|Any CPU
		{1E70601E-8BFE-4B26-8622-A3D1D73B1D22}.Release|Any CPU.Build.0 = Release|Any CPU
		{2575C187-F9DB-4704-B0E8-A158122CAB36}.Debug|Any CPU.ActiveCfg = Debug|Any CPU
		{2575C187-F9DB-4704-B0E8-A158122CAB36}.Debug|Any CPU.Build.0 = Debug|Any CPU
		{2575C187-F9DB-4704-B0E8-A158122CAB36}.Release|Any CPU.ActiveCfg = Release|Any CPU
		{2575C187-F9DB-4704-B0E8-A158122CAB36}.Release|Any CPU.Build.0 = Release|Any CPU
		{4E18EA8D-5B32-4941-96CE-D0CA73FF64DD}.Debug|Any CPU.ActiveCfg = Debug|Any CPU
		{4E18EA8D-5B32-4941-96CE-D0CA73FF64DD}.Debug|Any CPU.Build.0 = Debug|Any CPU
		{4E18EA8D-5B32-4941-96CE-D0CA73FF64DD}.Release|Any CPU.ActiveCfg = Release|Any CPU
		{4E18EA8D-5B32-4941-96CE-D0CA73FF64DD}.Release|Any CPU.Build.0 = Release|Any CPU
	EndGlobalSection
	GlobalSection(SolutionProperties) = preSolution
		HideSolutionNode = FALSE
	EndGlobalSection
	GlobalSection(NestedProjects) = preSolution
		{90FE12D8-CC77-42C3-B185-17BCCA25E0F9} = {A5BBF40A-C97D-49DE-B299-BF60E51AE57A}
		{4CED12B1-39DC-4706-A2D7-6F3ABCC0972D} = {A5BBF40A-C97D-49DE-B299-BF60E51AE57A}
		{7909C973-BA41-4DB2-9284-4820CEB3C8D4} = {A5BBF40A-C97D-49DE-B299-BF60E51AE57A}
		{E430E788-1FF5-429A-9E12-54F47668CC5F} = {06175ADB-8D6A-4110-A850-A8E6C0B75069}
		{436AEBB9-4F1D-421E-A3F1-B4874FCCB645} = {06175ADB-8D6A-4110-A850-A8E6C0B75069}
		{CFE83E8B-5DBE-4E85-A424-688A39D59550} = {06175ADB-8D6A-4110-A850-A8E6C0B75069}
		{186D74A8-DC0B-410E-AF04-5748F90E1B8B} = {C82332B0-BDC8-4E06-8043-4B5BB3799B32}
		{5C6BB172-4859-4C5E-A04E-68F35E620D57} = {C82332B0-BDC8-4E06-8043-4B5BB3799B32}
		{F10DA72D-22AE-455F-8E2C-6A5952359C09} = {C82332B0-BDC8-4E06-8043-4B5BB3799B32}
		{1009CB32-3BAF-4847-AA4E-2B61BAB9C108} = {EACE26F7-C412-45FE-8940-887230A1A394}
		{E385F9DB-7576-4DEA-A4BA-A18C28ECCBEC} = {EACE26F7-C412-45FE-8940-887230A1A394}
		{D8F41346-B49E-479C-A13C-85D518A89A43} = {EACE26F7-C412-45FE-8940-887230A1A394}
		{F4B9AE42-06C8-42E0-B62D-9724704ACCD1} = {F8B5F6D7-46A3-4A95-B18B-BE84D587482C}
		{5A7EAE85-27B9-44EB-9EE6-C6CCBB1F6C1D} = {F8B5F6D7-46A3-4A95-B18B-BE84D587482C}
		{A0F87FD6-6E71-4860-AE53-F73EF8F9CDA7} = {F8B5F6D7-46A3-4A95-B18B-BE84D587482C}
		{72CBB406-F638-4F0A-94BD-4AA5CADA54EE} = {4DAF130E-A8E8-4CE4-842E-989B0F699B22}
		{4BE961B7-20A5-4456-B054-5B21B0EE9E97} = {4DAF130E-A8E8-4CE4-842E-989B0F699B22}
		{06193CBC-159D-4D04-B724-CE8A3CF80D53} = {4DAF130E-A8E8-4CE4-842E-989B0F699B22}
		{1E70601E-8BFE-4B26-8622-A3D1D73B1D22} = {EEF714A7-6E91-436F-B9AA-00B3DB1F8DA2}
		{2575C187-F9DB-4704-B0E8-A158122CAB36} = {EEF714A7-6E91-436F-B9AA-00B3DB1F8DA2}
		{4E18EA8D-5B32-4941-96CE-D0CA73FF64DD} = {EEF714A7-6E91-436F-B9AA-00B3DB1F8DA2}
	EndGlobalSection
	GlobalSection(ExtensibilityGlobals) = postSolution
		SolutionGuid = {3596A5B4-5247-4FDE-A2BC-32F678BC4B6D}
	EndGlobalSection
EndGlobal
